<Solution>
  <Folder Name="/exercises/">
    <Project Path="exercises/FeWoLearning.Caliburn.Exercises.csproj" />
  </Folder>
  <Folder Name="/solutions/">
    <Project Path="solutions/FeWoLearning.Caliburn.Solutions.csproj" />
  </Folder>
  <Folder Name="/tests/">
    <Project Path="tests/FeWoLearning.Caliburn.Tests.csproj" />
  </Folder>
</Solution>
