<Solution>
  <Folder Name="/exercises/">
    <Project Path="exercises/FeWoLearning.Telemetry.Exercises.csproj" />
  </Folder>
  <Folder Name="/solutions/">
    <Project Path="solutions/FeWoLearning.Telemetry.Solutions.csproj" />
  </Folder>
  <Folder Name="/tests/">
    <Project Path="tests/FeWoLearning.Telemetry.Tests.csproj" />
  </Folder>
</Solution>
